// !$*UTF8*$!
{
	archiveVersion = 1;
	classes = {
	};
	objectVersion = 55;
	objects = {

/* Begin PBXBuildFile section */
		0E1BA21D2876110F00B35710 /* TabBarViewController.swift in Sources */ = {isa = PBXBuildFile; fileRef = 0E1BA21C2876110F00B35710 /* TabBarViewController.swift */; };
		0E1BA21F2876131800B35710 /* NavigationViewController.swift in Sources */ = {isa = PBXBuildFile; fileRef = 0E1BA21E2876131800B35710 /* NavigationViewController.swift */; };
		0E28420A2871D2420000F2D0 /* WelcomeViewController.swift in Sources */ = {isa = PBXBuildFile; fileRef = 0E2842092871D2420000F2D0 /* WelcomeViewController.swift */; };
		0E28420C2871E3C80000F2D0 /* LoginViewController.swift in Sources */ = {isa = PBXBuildFile; fileRef = 0E28420B2871E3C80000F2D0 /* LoginViewController.swift */; };
		0E3DA2C62874C5D60012C999 /* SettingViewController.swift in Sources */ = {isa = PBXBuildFile; fileRef = 0E3DA2C52874C5D60012C999 /* SettingViewController.swift */; };
		0E3DA2C82874D2D00012C999 /* ProfileViewController.swift in Sources */ = {isa = PBXBuildFile; fileRef = 0E3DA2C72874D2D00012C999 /* ProfileViewController.swift */; };
		0E3DA2CA2874D9D10012C999 /* EditProfileViewController.swift in Sources */ = {isa = PBXBuildFile; fileRef = 0E3DA2C92874D9D10012C999 /* EditProfileViewController.swift */; };
		0E3DA2CC2874DA500012C999 /* ResumeViewController.swift in Sources */ = {isa = PBXBuildFile; fileRef = 0E3DA2CB2874DA500012C999 /* ResumeViewController.swift */; };
		0E3DA2D02874E3120012C999 /* User.swift in Sources */ = {isa = PBXBuildFile; fileRef = 0E3DA2CF2874E3120012C999 /* User.swift */; };
		0EE53981286E2E6D00C242EE /* AppDelegate.swift in Sources */ = {isa = PBXBuildFile; fileRef = 0EE53980286E2E6D00C242EE /* AppDelegate.swift */; };
		0EE53983286E2E6D00C242EE /* SceneDelegate.swift in Sources */ = {isa = PBXBuildFile; fileRef = 0EE53982286E2E6D00C242EE /* SceneDelegate.swift */; };
		0EE53988286E2E6D00C242EE /* Main.storyboard in Resources */ = {isa = PBXBuildFile; fileRef = 0EE53986286E2E6D00C242EE /* Main.storyboard */; };
		0EE5398A286E2E6F00C242EE /* Assets.xcassets in Resources */ = {isa = PBXBuildFile; fileRef = 0EE53989286E2E6F00C242EE /* Assets.xcassets */; };
		0EE5398D286E2E6F00C242EE /* LaunchScreen.storyboard in Resources */ = {isa = PBXBuildFile; fileRef = 0EE5398B286E2E6F00C242EE /* LaunchScreen.storyboard */; };
/* End PBXBuildFile section */

/* Begin PBXFileReference section */
		0E1BA21C2876110F00B35710 /* TabBarViewController.swift */ = {isa = PBXFileReference; lastKnownFileType = sourcecode.swift; path = TabBarViewController.swift; sourceTree = "<group>"; };
		0E1BA21E2876131800B35710 /* NavigationViewController.swift */ = {isa = PBXFileReference; lastKnownFileType = sourcecode.swift; path = NavigationViewController.swift; sourceTree = "<group>"; };
		0E2842092871D2420000F2D0 /* WelcomeViewController.swift */ = {isa = PBXFileReference; lastKnownFileType = sourcecode.swift; path = WelcomeViewController.swift; sourceTree = "<group>"; };
		0E28420B2871E3C80000F2D0 /* LoginViewController.swift */ = {isa = PBXFileReference; lastKnownFileType = sourcecode.swift; path = LoginViewController.swift; sourceTree = "<group>"; };
		0E3DA2C52874C5D60012C999 /* SettingViewController.swift */ = {isa = PBXFileReference; lastKnownFileType = sourcecode.swift; path = SettingViewController.swift; sourceTree = "<group>"; };
		0E3DA2C72874D2D00012C999 /* ProfileViewController.swift */ = {isa = PBXFileReference; lastKnownFileType = sourcecode.swift; path = ProfileViewController.swift; sourceTree = "<group>"; };
		0E3DA2C92874D9D10012C999 /* EditProfileViewController.swift */ = {isa = PBXFileReference; lastKnownFileType = sourcecode.swift; path = EditProfileViewController.swift; sourceTree = "<group>"; };
		0E3DA2CB2874DA500012C999 /* ResumeViewController.swift */ = {isa = PBXFileReference; lastKnownFileType = sourcecode.swift; path = ResumeViewController.swift; sourceTree = "<group>"; };
		0E3DA2CF2874E3120012C999 /* User.swift */ = {isa = PBXFileReference; lastKnownFileType = sourcecode.swift; path = User.swift; sourceTree = "<group>"; };
		0EE5397D286E2E6D00C242EE /* EducationalProject.app */ = {isa = PBXFileReference; explicitFileType = wrapper.application; includeInIndex = 0; path = EducationalProject.app; sourceTree = BUILT_PRODUCTS_DIR; };
		0EE53980286E2E6D00C242EE /* AppDelegate.swift */ = {isa = PBXFileReference; lastKnownFileType = sourcecode.swift; path = AppDelegate.swift; sourceTree = "<group>"; };
		0EE53982286E2E6D00C242EE /* SceneDelegate.swift */ = {isa = PBXFileReference; lastKnownFileType = sourcecode.swift; path = SceneDelegate.swift; sourceTree = "<group>"; };
		0EE53987286E2E6D00C242EE /* Base */ = {isa = PBXFileReference; lastKnownFileType = file.storyboard; name = Base; path = Base.lproj/Main.storyboard; sourceTree = "<group>"; };
		0EE53989286E2E6F00C242EE /* Assets.xcassets */ = {isa = PBXFileReference; lastKnownFileType = folder.assetcatalog; path = Assets.xcassets; sourceTree = "<group>"; };
		0EE5398C286E2E6F00C242EE /* Base */ = {isa = PBXFileReference; lastKnownFileType = file.storyboard; name = Base; path = Base.lproj/LaunchScreen.storyboard; sourceTree = "<group>"; };
		0EE5398E286E2E6F00C242EE /* Info.plist */ = {isa = PBXFileReference; lastKnownFileType = text.plist.xml; path = Info.plist; sourceTree = "<group>"; };
/* End PBXFileReference section */

/* Begin PBXFrameworksBuildPhase section */
		0EE5397A286E2E6D00C242EE /* Frameworks */ = {
			isa = PBXFrameworksBuildPhase;
			buildActionMask = 2147483647;
			files = (
			);
			runOnlyForDeploymentPostprocessing = 0;
		};
/* End PBXFrameworksBuildPhase section */

/* Begin PBXGroup section */
		0E3DA2C128743CC70012C999 /* Storyboards */ = {
			isa = PBXGroup;
			children = (
				0EE5398B286E2E6F00C242EE /* LaunchScreen.storyboard */,
				0EE53986286E2E6D00C242EE /* Main.storyboard */,
			);
			path = Storyboards;
			sourceTree = "<group>";
		};
		0E3DA2C22874C4700012C999 /* Models */ = {
			isa = PBXGroup;
			children = (
				0E3DA2CF2874E3120012C999 /* User.swift */,
			);
			path = Models;
			sourceTree = "<group>";
		};
		0E3DA2C32874C4F40012C999 /* App */ = {
			isa = PBXGroup;
			children = (
				0EE53980286E2E6D00C242EE /* AppDelegate.swift */,
				0EE53982286E2E6D00C242EE /* SceneDelegate.swift */,
				0EE5398E286E2E6F00C242EE /* Info.plist */,
			);
			path = App;
			sourceTree = "<group>";
		};
		0E3DA2C42874C5350012C999 /* ViewControllers */ = {
			isa = PBXGroup;
			children = (
				0E28420B2871E3C80000F2D0 /* LoginViewController.swift */,
				0E2842092871D2420000F2D0 /* WelcomeViewController.swift */,
				0E3DA2CB2874DA500012C999 /* ResumeViewController.swift */,
				0E3DA2C72874D2D00012C999 /* ProfileViewController.swift */,
				0E3DA2C92874D9D10012C999 /* EditProfileViewController.swift */,
				0E3DA2C52874C5D60012C999 /* SettingViewController.swift */,
				0E1BA21C2876110F00B35710 /* TabBarViewController.swift */,
				0E1BA21E2876131800B35710 /* NavigationViewController.swift */,
			);
			path = ViewControllers;
			sourceTree = "<group>";
		};
		0EE53974286E2E6D00C242EE = {
			isa = PBXGroup;
			children = (
				0EE5397F286E2E6D00C242EE /* EducationalProject */,
				0EE5397E286E2E6D00C242EE /* Products */,
			);
			sourceTree = "<group>";
		};
		0EE5397E286E2E6D00C242EE /* Products */ = {
			isa = PBXGroup;
			children = (
				0EE5397D286E2E6D00C242EE /* EducationalProject.app */,
			);
			name = Products;
			sourceTree = "<group>";
		};
		0EE5397F286E2E6D00C242EE /* EducationalProject */ = {
			isa = PBXGroup;
			children = (
				0E3DA2C32874C4F40012C999 /* App */,
				0E3DA2C22874C4700012C999 /* Models */,
				0E3DA2C128743CC70012C999 /* Storyboards */,
				0E3DA2C42874C5350012C999 /* ViewControllers */,
				0EE53989286E2E6F00C242EE /* Assets.xcassets */,
			);
			path = EducationalProject;
			sourceTree = "<group>";
		};
/* End PBXGroup section */

/* Begin PBXNativeTarget section */
		0EE5397C286E2E6D00C242EE /* EducationalProject */ = {
			isa = PBXNativeTarget;
			buildConfigurationList = 0EE53991286E2E6F00C242EE /* Build configuration list for PBXNativeTarget "EducationalProject" */;
			buildPhases = (
				0EE53979286E2E6D00C242EE /* Sources */,
				0EE5397A286E2E6D00C242EE /* Frameworks */,
				0EE5397B286E2E6D00C242EE /* Resources */,
			);
			buildRules = (
			);
			dependencies = (
			);
			name = EducationalProject;
			productName = EducationalProject;
			productReference = 0EE5397D286E2E6D00C242EE /* EducationalProject.app */;
			productType = "com.apple.product-type.application";
		};
/* End PBXNativeTarget section */

/* Begin PBXProject section */
		0EE53975286E2E6D00C242EE /* Project object */ = {
			isa = PBXProject;
			attributes = {
				BuildIndependentTargetsInParallel = 1;
				LastSwiftUpdateCheck = 1340;
				LastUpgradeCheck = 1340;
				TargetAttributes = {
					0EE5397C286E2E6D00C242EE = {
						CreatedOnToolsVersion = 13.4;
					};
				};
			};
			buildConfigurationList = 0EE53978286E2E6D00C242EE /* Build configuration list for PBXProject "EducationalProject" */;
			compatibilityVersion = "Xcode 13.0";
			developmentRegion = en;
			hasScannedForEncodings = 0;
			knownRegions = (
				en,
				Base,
			);
			mainGroup = 0EE53974286E2E6D00C242EE;
			productRefGroup = 0EE5397E286E2E6D00C242EE /* Products */;
			projectDirPath = "";
			projectRoot = "";
			targets = (
				0EE5397C286E2E6D00C242EE /* EducationalProject */,
			);
		};
/* End PBXProject section */

/* Begin PBXResourcesBuildPhase section */
		0EE5397B286E2E6D00C242EE /* Resources */ = {
			isa = PBXResourcesBuildPhase;
			buildActionMask = 2147483647;
			files = (
				0EE5398D286E2E6F00C242EE /* LaunchScreen.storyboard in Resources */,
				0EE5398A286E2E6F00C242EE /* Assets.xcassets in Resources */,
				0EE53988286E2E6D00C242EE /* Main.storyboard in Resources */,
			);
			runOnlyForDeploymentPostprocessing = 0;
		};
/* End PBXResourcesBuildPhase section */

/* Begin PBXSourcesBuildPhase section */
		0EE53979286E2E6D00C242EE /* Sources */ = {
			isa = PBXSourcesBuildPhase;
			buildActionMask = 2147483647;
			files = (
				0E3DA2C82874D2D00012C999 /* ProfileViewController.swift in Sources */,
				0E1BA21F2876131800B35710 /* NavigationViewController.swift in Sources */,
				0E3DA2C62874C5D60012C999 /* SettingViewController.swift in Sources */,
				0E28420C2871E3C80000F2D0 /* LoginViewController.swift in Sources */,
				0E28420A2871D2420000F2D0 /* WelcomeViewController.swift in Sources */,
				0EE53981286E2E6D00C242EE /* AppDelegate.swift in Sources */,
				0E3DA2CC2874DA500012C999 /* ResumeViewController.swift in Sources */,
				0EE53983286E2E6D00C242EE /* SceneDelegate.swift in Sources */,
				0E3DA2D02874E3120012C999 /* User.swift in Sources */,
				0E1BA21D2876110F00B35710 /* TabBarViewController.swift in Sources */,
				0E3DA2CA2874D9D10012C999 /* EditProfileViewController.swift in Sources */,
			);
			runOnlyForDeploymentPostprocessing = 0;
		};
/* End PBXSourcesBuildPhase section */

/* Begin PBXVariantGroup section */
		0EE53986286E2E6D00C242EE /* Main.storyboard */ = {
			isa = PBXVariantGroup;
			children = (
				0EE53987286E2E6D00C242EE /* Base */,
			);
			name = Main.storyboard;
			sourceTree = "<group>";
		};
		0EE5398B286E2E6F00C242EE /* LaunchScreen.storyboard */ = {
			isa = PBXVariantGroup;
			children = (
				0EE5398C286E2E6F00C242EE /* Base */,
			);
			name = LaunchScreen.storyboard;
			sourceTree = "<group>";
		};
/* End PBXVariantGroup section */

/* Begin XCBuildConfiguration section */
		0EE5398F286E2E6F00C242EE /* Debug */ = {
			isa = XCBuildConfiguration;
			buildSettings = {
				ALWAYS_SEARCH_USER_PATHS = NO;
				CLANG_ANALYZER_NONNULL = YES;
				CLANG_ANALYZER_NUMBER_OBJECT_CONVERSION = YES_AGGRESSIVE;
				CLANG_CXX_LANGUAGE_STANDARD = "gnu++17";
				CLANG_ENABLE_MODULES = YES;
				CLANG_ENABLE_OBJC_ARC = YES;
				CLANG_ENABLE_OBJC_WEAK = YES;
				CLANG_WARN_BLOCK_CAPTURE_AUTORELEASING = YES;
				CLANG_WARN_BOOL_CONVERSION = YES;
				CLANG_WARN_COMMA = YES;
				CLANG_WARN_CONSTANT_CONVERSION = YES;
				CLANG_WARN_DEPRECATED_OBJC_IMPLEMENTATIONS = YES;
				CLANG_WARN_DIRECT_OBJC_ISA_USAGE = YES_ERROR;
				CLANG_WARN_DOCUMENTATION_COMMENTS = YES;
				CLANG_WARN_EMPTY_BODY = YES;
				CLANG_WARN_ENUM_CONVERSION = YES;
				CLANG_WARN_INFINITE_RECURSION = YES;
				CLANG_WARN_INT_CONVERSION = YES;
				CLANG_WARN_NON_LITERAL_NULL_CONVERSION = YES;
				CLANG_WARN_OBJC_IMPLICIT_RETAIN_SELF = YES;
				CLANG_WARN_OBJC_LITERAL_CONVERSION = YES;
				CLANG_WARN_OBJC_ROOT_CLASS = YES_ERROR;
				CLANG_WARN_QUOTED_INCLUDE_IN_FRAMEWORK_HEADER = YES;
				CLANG_WARN_RANGE_LOOP_ANALYSIS = YES;
				CLANG_WARN_STRICT_PROTOTYPES = YES;
				CLANG_WARN_SUSPICIOUS_MOVE = YES;
				CLANG_WARN_UNGUARDED_AVAILABILITY = YES_AGGRESSIVE;
				CLANG_WARN_UNREACHABLE_CODE = YES;
				CLANG_WARN__DUPLICATE_METHOD_MATCH = YES;
				COPY_PHASE_STRIP = NO;
				DEBUG_INFORMATION_FORMAT = dwarf;
				ENABLE_STRICT_OBJC_MSGSEND = YES;
				ENABLE_TESTABILITY = YES;
				GCC_C_LANGUAGE_STANDARD = gnu11;
				GCC_DYNAMIC_NO_PIC = NO;
				GCC_NO_COMMON_BLOCKS = YES;
				GCC_OPTIMIZATION_LEVEL = 0;
				GCC_PREPROCESSOR_DEFINITIONS = (
					"DEBUG=1",
					"$(inherited)",
				);
				GCC_WARN_64_TO_32_BIT_CONVERSION = YES;
				GCC_WARN_ABOUT_RETURN_TYPE = YES_ERROR;
				GCC_WARN_UNDECLARED_SELECTOR = YES;
				GCC_WARN_UNINITIALIZED_AUTOS = YES_AGGRESSIVE;
				GCC_WARN_UNUSED_FUNCTION = YES;
				GCC_WARN_UNUSED_VARIABLE = YES;
				IPHONEOS_DEPLOYMENT_TARGET = 15.5;
				MTL_ENABLE_DEBUG_INFO = INCLUDE_SOURCE;
				MTL_FAST_MATH = YES;
				ONLY_ACTIVE_ARCH = YES;
				SDKROOT = iphoneos;
				SWIFT_ACTIVE_COMPILATION_CONDITIONS = DEBUG;
				SWIFT_OPTIMIZATION_LEVEL = "-Onone";
			};
			name = Debug;
		};
		0EE53990286E2E6F00C242EE /* Release */ = {
			isa = XCBuildConfiguration;
			buildSettings = {
				ALWAYS_SEARCH_USER_PATHS = NO;
				CLANG_ANALYZER_NONNULL = YES;
				CLANG_ANALYZER_NUMBER_OBJECT_CONVERSION = YES_AGGRESSIVE;
				CLANG_CXX_LANGUAGE_STANDARD = "gnu++17";
				CLANG_ENABLE_MODULES = YES;
				CLANG_ENABLE_OBJC_ARC = YES;
				CLANG_ENABLE_OBJC_WEAK = YES;
				CLANG_WARN_BLOCK_CAPTURE_AUTORELEASING = YES;
				CLANG_WARN_BOOL_CONVERSION = YES;
				CLANG_WARN_COMMA = YES;
				CLANG_WARN_CONSTANT_CONVERSION = YES;
				CLANG_WARN_DEPRECATED_OBJC_IMPLEMENTATIONS = YES;
				CLANG_WARN_DIRECT_OBJC_ISA_USAGE = YES_ERROR;
				CLANG_WARN_DOCUMENTATION_COMMENTS = YES;
				CLANG_WARN_EMPTY_BODY = YES;
				CLANG_WARN_ENUM_CONVERSION = YES;
				CLANG_WARN_INFINITE_RECURSION = YES;
				CLANG_WARN_INT_CONVERSION = YES;
				CLANG_WARN_NON_LITERAL_NULL_CONVERSION = YES;
				CLANG_WARN_OBJC_IMPLICIT_RETAIN_SELF = YES;
				CLANG_WARN_OBJC_LITERAL_CONVERSION = YES;
				CLANG_WARN_OBJC_ROOT_CLASS = YES_ERROR;
				CLANG_WARN_QUOTED_INCLUDE_IN_FRAMEWORK_HEADER = YES;
				CLANG_WARN_RANGE_LOOP_ANALYSIS = YES;
				CLANG_WARN_STRICT_PROTOTYPES = YES;
				CLANG_WARN_SUSPICIOUS_MOVE = YES;
				CLANG_WARN_UNGUARDED_AVAILABILITY = YES_AGGRESSIVE;
				CLANG_WARN_UNREACHABLE_CODE = YES;
				CLANG_WARN__DUPLICATE_METHOD_MATCH = YES;
				COPY_PHASE_STRIP = NO;
				DEBUG_INFORMATION_FORMAT = "dwarf-with-dsym";
				ENABLE_NS_ASSERTIONS = NO;
				ENABLE_STRICT_OBJC_MSGSEND = YES;
				GCC_C_LANGUAGE_STANDARD = gnu11;
				GCC_NO_COMMON_BLOCKS = YES;
				GCC_WARN_64_TO_32_BIT_CONVERSION = YES;
				GCC_WARN_ABOUT_RETURN_TYPE = YES_ERROR;
				GCC_WARN_UNDECLARED_SELECTOR = YES;
				GCC_WARN_UNINITIALIZED_AUTOS = YES_AGGRESSIVE;
				GCC_WARN_UNUSED_FUNCTION = YES;
				GCC_WARN_UNUSED_VARIABLE = YES;
				IPHONEOS_DEPLOYMENT_TARGET = 15.5;
				MTL_ENABLE_DEBUG_INFO = NO;
				MTL_FAST_MATH = YES;
				SDKROOT = iphoneos;
				SWIFT_COMPILATION_MODE = wholemodule;
				SWIFT_OPTIMIZATION_LEVEL = "-O";
				VALIDATE_PRODUCT = YES;
			};
			name = Release;
		};
		0EE53992286E2E6F00C242EE /* Debug */ = {
			isa = XCBuildConfiguration;
			buildSettings = {
				ASSETCATALOG_COMPILER_APPICON_NAME = AppIcon;
				ASSETCATALOG_COMPILER_GLOBAL_ACCENT_COLOR_NAME = AccentColor;
				CODE_SIGN_STYLE = Automatic;
				CURRENT_PROJECT_VERSION = 1;
				DEVELOPMENT_TEAM = G56833V6RD;
				GENERATE_INFOPLIST_FILE = YES;
				INFOPLIST_FILE = EducationalProject/App/Info.plist;
				INFOPLIST_KEY_UIApplicationSupportsIndirectInputEvents = YES;
				INFOPLIST_KEY_UILaunchStoryboardName = LaunchScreen;
				INFOPLIST_KEY_UIMainStoryboardFile = Main;
				INFOPLIST_KEY_UISupportedInterfaceOrientations = UIInterfaceOrientationPortrait;
				INFOPLIST_KEY_UISupportedInterfaceOrientations_iPad = "UIInterfaceOrientationPortrait UIInterfaceOrientationPortraitUpsideDown UIInterfaceOrientationLandscapeLeft UIInterfaceOrientationLandscapeRight";
				INFOPLIST_KEY_UISupportedInterfaceOrientations_iPhone = "UIInterfaceOrientationPortrait UIInterfaceOrientationLandscapeLeft UIInterfaceOrientationLandscapeRight";
				LD_RUNPATH_SEARCH_PATHS = (
					"$(inherited)",
					"@executable_path/Frameworks",
				);
				MARKETING_VERSION = 0.1;
				PRODUCT_BUNDLE_IDENTIFIER = "Vardant-Coding.EducationalProject";
				PRODUCT_NAME = "$(TARGET_NAME)";
				SWIFT_EMIT_LOC_STRINGS = YES;
				SWIFT_VERSION = 5.0;
				TARGETED_DEVICE_FAMILY = 1;
			};
			name = Debug;
		};
		0EE53993286E2E6F00C242EE /* Release */ = {
			isa = XCBuildConfiguration;
			buildSettings = {
				ASSETCATALOG_COMPILER_APPICON_NAME = AppIcon;
				ASSETCATALOG_COMPILER_GLOBAL_ACCENT_COLOR_NAME = AccentColor;
				CODE_SIGN_STYLE = Automatic;
				CURRENT_PROJECT_VERSION = 1;
				DEVELOPMENT_TEAM = G56833V6RD;
				GENERATE_INFOPLIST_FILE = YES;
				INFOPLIST_FILE = EducationalProject/App/Info.plist;
				INFOPLIST_KEY_UIApplicationSupportsIndirectInputEvents = YES;
				INFOPLIST_KEY_UILaunchStoryboardName = LaunchScreen;
				INFOPLIST_KEY_UIMainStoryboardFile = Main;
				INFOPLIST_KEY_UISupportedInterfaceOrientations = UIInterfaceOrientationPortrait;
				INFOPLIST_KEY_UISupportedInterfaceOrientations_iPad = "UIInterfaceOrientationPortrait UIInterfaceOrientationPortraitUpsideDown UIInterfaceOrientationLandscapeLeft UIInterfaceOrientationLandscapeRight";
				INFOPLIST_KEY_UISupportedInterfaceOrientations_iPhone = "UIInterfaceOrientationPortrait UIInterfaceOrientationLandscapeLeft UIInterfaceOrientationLandscapeRight";
				LD_RUNPATH_SEARCH_PATHS = (
					"$(inherited)",
					"@executable_path/Frameworks",
				);
				MARKETING_VERSION = 0.1;
				PRODUCT_BUNDLE_IDENTIFIER = "Vardant-Coding.EducationalProject";
				PRODUCT_NAME = "$(TARGET_NAME)";
				SWIFT_EMIT_LOC_STRINGS = YES;
				SWIFT_VERSION = 5.0;
				TARGETED_DEVICE_FAMILY = 1;
			};
			name = Release;
		};
/* End XCBuildConfiguration section */

/* Begin XCConfigurationList section */
		0EE53978286E2E6D00C242EE /* Build configuration list for PBXProject "EducationalProject" */ = {
			isa = XCConfigurationList;
			buildConfigurations = (
				0EE5398F286E2E6F00C242EE /* Debug */,
				0EE53990286E2E6F00C242EE /* Release */,
			);
			defaultConfigurationIsVisible = 0;
			defaultConfigurationName = Release;
		};
		0EE53991286E2E6F00C242EE /* Build configuration list for PBXNativeTarget "EducationalProject" */ = {
			isa = XCConfigurationList;
			buildConfigurations = (
				0EE53992286E2E6F00C242EE /* Debug */,
				0EE53993286E2E6F00C242EE /* Release */,
			);
			defaultConfigurationIsVisible = 0;
			defaultConfigurationName = Release;
		};
/* End XCConfigurationList section */
	};
	rootObject = 0EE53975286E2E6D00C242EE /* Project object */;
}
